{
  "name": "ReadWords",
  "version": "0.0.1",
  "lockfileVersion": 1,
  "requires": true,
  "dependencies": {
    "censorify": {
      "version": "file:../Censorify/censorify-0.0.1.tgz",
      "integrity": "sha512-z/Y68aZK4sUYqIxqy5H85MgWsUnPxXEtJdc0JHWbKZdQd9owhcNz30PYr5yuXieJM8in5z3+bVPSmol5jxUurQ=="
    }
  }
}
